version = 1
revision = 3
requires-python = ">=3.13.13, <3.14"

[[package]]
name = "asgiref"
version = "3.12.1"
source = { registry = "https://pypi.org/simple" }
sdist = { url = "https://files.pythonhosted.org/packages/e6/26/3b59f2bdae5f640389becb1f673cded775287f5fc4f816309d9ca9a3f93d/asgiref-3.12.1.tar.gz", hash = "sha256:59dcb51c272ad209d59bed5708a64a333083e86017d7fcdd67498eeab7784340", size = 42378, upload-time = "2026-07-14T09:56:18.087Z" }
wheels = [
    { url = "https://files.pythonhosted.org/packages/c0/1b/54f4ad77cd8a584fa70746c47df988e002cf1ee1eba43364d46f87803647/asgiref-3.12.1-py3-none-any.whl", hash = "sha256:fe386d1c2bff7259ea95929266d12a8cf9a8b5a1c2598402967d8792e7a7c094", size = 25478, upload-time = "2026-07-14T09:56:16.926Z" },
]

[[package]]
name = "crispy-bootstrap5"
version = "2026.3"
source = { registry = "https://pypi.org/simple" }
dependencies = [
    { name = "django" },
    { name = "django-crispy-forms" },
]
sdist = { url = "https://files.pythonhosted.org/packages/ab/e8/05e1170f6b8fbfe4098392bdca813c2094659853a438919234d4663009b1/crispy_bootstrap5-2026.3.tar.gz", hash = "sha256:e7f5adb36acfbb456444c46e82c436931c796c539e9c620be4fa9dc9c9d6679c", size = 23452, upload-time = "2026-03-01T10:08:00.459Z" }
wheels = [
    { url = "https://files.pythonhosted.org/packages/9d/2d/93f78072f203aa28d961add6a130b929b47f7aa3fef6905898b4bb9a637d/crispy_bootstrap5-2026.3-py3-none-any.whl", hash = "sha256:e0fff85c0503e9aed610a0ee31368e2191d340657f813669491c288c1c2e2dfa", size = 24770, upload-time = "2026-03-01T10:07:59.058Z" },
]

[[package]]
name = "django"
version = "5.2.17"
source = { registry = "https://pypi.org/simple" }
dependencies = [
    { name = "asgiref" },
    { name = "sqlparse" },
    { name = "tzdata", marker = "sys_platform == 'win32'" },
]
sdist = { url = "https://files.pythonhosted.org/packages/d5/d8/43e9d000519adceb189620b6869ff88031e046df91c2e9da72f8f6918399/django-5.2.17.tar.gz", hash = "sha256:9d4d93be539a18ab80d058eb515900e10951e04c537c5a6b394fc49528d3251f", size = 10889740, upload-time = "2026-08-04T15:04:03.173Z" }
wheels = [
    { url = "https://files.pythonhosted.org/packages/df/f8/ce120525ca78f12b07daf65786679c5d0b54a75285a8958d3ae55e39da35/django-5.2.17-py3-none-any.whl", hash = "sha256:f04fb3b36ee119e1af4fa1d397d5fd6cf12700f49321e84d4f4c642c5b1973db", size = 8315563, upload-time = "2026-08-04T15:03:59.1Z" },
]

[[package]]
name = "django-appconf"
version = "1.2.0"
source = { registry = "https://pypi.org/simple" }
dependencies = [
    { name = "django" },
]
sdist = { url = "https://files.pythonhosted.org/packages/d1/a2/e58bec8d7941b914af52a67c35b5709eceed2caa2848f28437f1666ed668/django_appconf-1.2.0.tar.gz", hash = "sha256:15a88d60dd942d6059f467412fe4581db632ef03018a3c183fb415d6fc9e5cec", size = 16127, upload-time = "2025-11-08T15:46:27.304Z" }
wheels = [
    { url = "https://files.pythonhosted.org/packages/e8/e6/4c34d94dfb74bbcbc489606e61f1924933de30d22c593dd1f429f35fbd7f/django_appconf-1.2.0-py3-none-any.whl", hash = "sha256:b81bce5ef0ceb9d84df48dfb623a32235d941c78cc5e45dbb6947f154ea277f4", size = 6500, upload-time = "2025-11-08T15:46:25.957Z" },
]

[[package]]
name = "django-crispy-forms"
version = "2.7"
source = { registry = "https://pypi.org/simple" }
dependencies = [
    { name = "django" },
]
sdist = { url = "https://files.pythonhosted.org/packages/bc/f5/b79e3ed7cae871d5d71bf3448d627e1fabab769358bb90808bec056556fe/django_crispy_forms-2.7.tar.gz", hash = "sha256:4c59bed60417375cba26cebb2c67ab350b655934670270b1c89dbcd7e60f1b4c", size = 1097842, upload-time = "2026-07-29T11:12:12.081Z" }
wheels = [
    { url = "https://files.pythonhosted.org/packages/1f/44/50335d09c4deb70affee0c54feef07ba458df015e32e45490615d9dc5b6b/django_crispy_forms-2.7-py3-none-any.whl", hash = "sha256:42a7ecb05ac3fd050d006dfe7aeceb7f318c30e5b5124ff619e2be252f36f096", size = 31478, upload-time = "2026-07-29T11:12:11.052Z" },
]

[[package]]
name = "django-imagekit"
version = "6.1.0"
source = { registry = "https://pypi.org/simple" }
dependencies = [
    { name = "django-appconf" },
    { name = "pilkit" },
]
sdist = { url = "https://files.pythonhosted.org/packages/62/5f/229c58eefe2a9051bc17152179c46002b519371001ad15097a50226e1306/django_imagekit-6.1.0.tar.gz", hash = "sha256:60fa411eaf5d2d137e1d18d17b3004a6d17b482ca46b3e4b5121a5338a8fc9ff", size = 65550, upload-time = "2026-02-22T18:17:03.951Z" }
wheels = [
    { url = "https://files.pythonhosted.org/packages/a0/4f/9a3b70941982efb80fc59880a471cf26818879a00f930d80d82342cf63c1/django_imagekit-6.1.0-py3-none-any.whl", hash = "sha256:b735620d101821ae0789480b3945addfeb900f0d7653c7f377e0dc1ed63d7c39", size = 41061, upload-time = "2026-02-22T18:17:02.622Z" },
]

[[package]]
name = "django-photo-gallery"
version = "1.0"
source = { virtual = "." }
dependencies = [
    { name = "crispy-bootstrap5" },
    { name = "django" },
    { name = "django-crispy-forms" },
    { name = "django-imagekit" },
    { name = "python-dotenv" },
]

[package.optional-dependencies]
mysql = [
    { name = "mysqlclient" },
]

[package.metadata]
requires-dist = [
    { name = "crispy-bootstrap5", specifier = "==2026.3" },
    { name = "django", specifier = "==5.2.17" },
    { name = "django-crispy-forms", specifier = "==2.7" },
    { name = "django-imagekit", specifier = "==6.1.0" },
    { name = "mysqlclient", marker = "extra == 'mysql'", specifier = "==2.2.8" },
    { name = "python-dotenv", specifier = "==1.2.3" },
]
provides-extras = ["mysql"]

[[package]]
name = "mysqlclient"
version = "2.2.8"
source = { registry = "https://pypi.org/simple" }
sdist = { url = "https://files.pythonhosted.org/packages/eb/b0/9df076488cb2e536d40ce6dbd4273c1f20a386e31ffe6e7cb613902b3c2a/mysqlclient-2.2.8.tar.gz", hash = "sha256:8ed20c5615a915da451bb308c7d0306648a4fd9a2809ba95c992690006306199", size = 92287, upload-time = "2026-02-10T10:58:37.405Z" }
wheels = [
    { url = "https://files.pythonhosted.org/packages/e6/d5/76e369b0fdccd2eb9ed7d890e4e3e23aa1344fea62f0180d7f1574285e54/mysqlclient-2.2.8-cp313-cp313-win_amd64.whl", hash = "sha256:a81f5e12f8d05439709cb02fba97f9f76d1a6c528164f2260d8798fec969e300", size = 207158, upload-time = "2026-02-10T10:58:38.663Z" },
]

[[package]]
name = "pilkit"
version = "3.0"
source = { registry = "https://pypi.org/simple" }
dependencies = [
    { name = "pillow" },
]
sdist = { url = "https://files.pythonhosted.org/packages/b9/a5/bbe12d2c9dc06e29224c45a2cd7aa0ce923648588b6a15aadfee150bbd0c/pilkit-3.0.tar.gz", hash = "sha256:f6719e8cc0482e5447f5cb94f18b949d8e604ea9673a9b019c74d41b779e4eab", size = 402342, upload-time = "2023-09-27T22:47:18.638Z" }
wheels = [
    { url = "https://files.pythonhosted.org/packages/de/ec/877b84b82cbcba6203e39d068cecfdbcfb61de69260cb851ea11be9b67f3/pilkit-3.0-py3-none-any.whl", hash = "sha256:fe1707b0411a1d0cbf9ad3986779fa5a346cec4582a188740924aa39f504d117", size = 20073, upload-time = "2023-09-27T22:47:16.285Z" },
]

[[package]]
name = "pillow"
version = "12.3.0"
source = { registry = "https://pypi.org/simple" }
sdist = { url = "https://files.pythonhosted.org/packages/1c/3d/bb7fca845737cf9d7dbde16ed1843984665ff2e0a518f5db43e77ec540b9/pillow-12.3.0.tar.gz", hash = "sha256:3b8182a766685eaa002637e28b4ec8d6b18819a0c71f579bf0dbaa5830297cce", size = 47025035, upload-time = "2026-07-01T11:56:38.965Z" }
wheels = [
    { url = "https://files.pythonhosted.org/packages/9d/ac/31fb64e1e7efb5a4b50cd3d92049ba89ac6e4d8d3bb6a74e15048ca3353e/pillow-12.3.0-cp313-cp313-ios_13_0_arm64_iphoneos.whl", hash = "sha256:21900ce7ba264168cd50defae43cd75d25c833ad4ad6e73ffc5596d12e25ac89", size = 4161684, upload-time = "2026-07-01T11:54:25.934Z" },
    { url = "https://files.pythonhosted.org/packages/87/b4/9805e23d2b4d77842b468513841fda254ee42f0289d25088340e4ff46e2d/pillow-12.3.0-cp313-cp313-ios_13_0_arm64_iphonesimulator.whl", hash = "sha256:4e8c2a84d977f50b9daed6eeaf3baef67d00d5d74d932288f02cb94518ee3ace", size = 4255487, upload-time = "2026-07-01T11:54:27.935Z" },
    { url = "https://files.pythonhosted.org/packages/df/39/ecf519435a200c693fe053a6ee4d835b41cf963a4dfc2551c4e637cb2a71/pillow-12.3.0-cp313-cp313-ios_13_0_x86_64_iphonesimulator.whl", hash = "sha256:ae26d61dfa7a47befdc7572b521024e8745f3d809bd95ca9505a7bba9ef849ec", size = 3696433, upload-time = "2026-07-01T11:54:29.813Z" },
    { url = "https://files.pythonhosted.org/packages/42/92/2fc3ffad878ae8dd5469ec1bc8eb83b71f48e13efdf68f02709003982a32/pillow-12.3.0-cp313-cp313-macosx_10_13_x86_64.whl", hash = "sha256:7a743ff716f746fc19a9557f60dab1600d4613255f8a7aeb3cdde4db7eb15a66", size = 5345889, upload-time = "2026-07-01T11:54:31.97Z" },
    { url = "https://files.pythonhosted.org/packages/10/76/8803c13605b763d33d156c4678fc77f8443389c0c51c8aef707bb02015f4/pillow-12.3.0-cp313-cp313-macosx_11_0_arm64.whl", hash = "sha256:d69141514cc30b774ceea5e3ed3a6635c8d8a96edf664689b890f4089111fb35", size = 4780109, upload-time = "2026-07-01T11:54:34.026Z" },
    { url = "https://files.pythonhosted.org/packages/1f/01/e18aff37cb0b4aac47ac90f016d347a49aca667ef97f190b06ac2aabc928/pillow-12.3.0-cp313-cp313-manylinux_2_27_aarch64.manylinux_2_28_aarch64.whl", hash = "sha256:f7401aebd7f581d7f83a439d87d474999317ee099218e5ad25d125290990ba65", size = 6263736, upload-time = "2026-07-01T11:54:36.131Z" },
    { url = "https://files.pythonhosted.org/packages/f7/62/de5bdd77d935331f4f802edc11e4d82950f642caad6cb2f949837b8560e2/pillow-12.3.0-cp313-cp313-manylinux_2_27_x86_64.manylinux_2_28_x86_64.whl", hash = "sha256:0847a763afefb695bc912d7c131e7e0632d4edc1d8698f58ddabec8e46b8b6d3", size = 6937129, upload-time = "2026-07-01T11:54:38.216Z" },
    { url = "https://files.pythonhosted.org/packages/70/4d/105627a13300c5e0df1d174230b32fd1273062c96f7745fd552b945d1e1d/pillow-12.3.0-cp313-cp313-musllinux_1_2_aarch64.whl", hash = "sha256:571b9fcb07b97ef3a492028fb3d2dc0993ca23a06138b0315286566d29ef718a", size = 6339562, upload-time = "2026-07-01T11:54:40.354Z" },
    { url = "https://files.pythonhosted.org/packages/6b/1d/f13de01a553988ab895ba1c722e06cf3144d4f57656fd5b81b6d881f1179/pillow-12.3.0-cp313-cp313-musllinux_1_2_x86_64.whl", hash = "sha256:756c768d0c9c2955feb7a56c37ea24aea2e369f8d36a88da270b6a9f19e62b5e", size = 7049439, upload-time = "2026-07-01T11:54:42.489Z" },
    { url = "https://files.pythonhosted.org/packages/c9/f9/066794cca041b969964f779ee5fa66a9498bbf34248ac39c5d7954e4198f/pillow-12.3.0-cp313-cp313-win32.whl", hash = "sha256:a876864214e136f0eb367788dbd7df045f4806801518e2cfe9e13229cfe06d8f", size = 6473287, upload-time = "2026-07-01T11:54:44.9Z" },
    { url = "https://files.pythonhosted.org/packages/a6/9b/7a58e61d62be561da3a356fe2384d4059a6345fc130e23ef1c36a5b81d24/pillow-12.3.0-cp313-cp313-win_amd64.whl", hash = "sha256:1cca606cd25738df4ed873d5ad46bbdb3d83b5cbca291f6b4ff13a4df6b0bbe8", size = 7239691, upload-time = "2026-07-01T11:54:47.141Z" },
    { url = "https://files.pythonhosted.org/packages/aa/b0/c4ed4f0ef8f8fa5ee8351537db6650bb8189f7e118842978dd6589065692/pillow-12.3.0-cp313-cp313-win_arm64.whl", hash = "sha256:b629de27fda84b42cde7edef0d85f13b958b47f6e9bbcbba9b673c562a89bd8b", size = 2568185, upload-time = "2026-07-01T11:54:49.137Z" },
]

[[package]]
name = "python-dotenv"
version = "1.2.3"
source = { registry = "https://pypi.org/simple" }
sdist = { url = "https://files.pythonhosted.org/packages/6a/53/ed9d74092561d4b01a2ef1349d52cdbc135e526c245f366b089cfca6de49/python_dotenv-1.2.3.tar.gz", hash = "sha256:a20a594dabeaa385725aa239d5244871c143ecb356add8a20fcf23773a6c3a35", size = 58945, upload-time = "2026-08-16T16:54:54.067Z" }
wheels = [
    { url = "https://files.pythonhosted.org/packages/0d/17/c5c6b53ddc18f297992099b3d9ec16c855c0ccc83263a21fe4d1c625ec6c/python_dotenv-1.2.3-py3-none-any.whl", hash = "sha256:904552145e8bfed22162c09dab1c2b9b54fefa7b23ba780f4f26ca0316b0f0d9", size = 22780, upload-time = "2026-08-16T16:54:52.473Z" },
]

[[package]]
name = "sqlparse"
version = "0.6.0"
source = { registry = "https://pypi.org/simple" }
sdist = { url = "https://files.pythonhosted.org/packages/5f/d3/3f06a1006f2261d1342aefb3c71eed02f5d4ca5bdbecd86ebc12ad38306e/sqlparse-0.6.0.tar.gz", hash = "sha256:113c35c75365ab9cc9c7231d68c6428fb11c085fc8e9eb1ad659b7ddbf6cd2b9", size = 178477, upload-time = "2026-08-13T19:16:06.396Z" }
wheels = [
    { url = "https://files.pythonhosted.org/packages/d9/50/f00935da0ec7cbf325f8dc4f772ae46fbc7b672dd62876e73f0a94adda57/sqlparse-0.6.0-py3-none-any.whl", hash = "sha256:b861c0288ce2fa56209a9a6412d2e066ac664b3873b89c26c9d8415e8e32996f", size = 50070, upload-time = "2026-08-13T19:16:04.062Z" },
]

[[package]]
name = "tzdata"
version = "2026.3"
source = { registry = "https://pypi.org/simple" }
sdist = { url = "https://files.pythonhosted.org/packages/92/ff/5a28bdfd8c3ebec42564ac7d0e54ca3db65044a9314a97f9564fa7a1e926/tzdata-2026.3.tar.gz", hash = "sha256:4a1518b8993086a7982523e071643f3c0e5f213e75b21318e78bcabfff9d1415", size = 198674, upload-time = "2026-07-10T08:50:37.887Z" }
wheels = [
    { url = "https://files.pythonhosted.org/packages/e5/6d/b53b99a9f2766d095985947a5782f1702cabb129a34f7a802d7197af832f/tzdata-2026.3-py2.py3-none-any.whl", hash = "sha256:dc096730c87af6cab1b171c9d532be840741ff5d459015e7f6947bd7d7e54931", size = 348168, upload-time = "2026-07-10T08:50:36.46Z" },
]
